
Microsoft Visual Studio Solution File, Format Version 12.00
# Visual Studio Version 16
VisualStudioVersion = 16.0.30907.101
MinimumVisualStudioVersion = 10.0.40219.1
Project("{9A19103F-16F7-4668-BE54-9A1E7A4F7556}") = "MASLOW", "MASLOW\MASLOW.csproj", "{51E326AD-347E-4FDC-B7A4-7EDE85A0DA67}"
	ProjectSection(ProjectDependencies) = postProject
		{61B93D37-C622-4707-9AB4-EB5F9D9BBCB7} = {61B93D37-C622-4707-9AB4-EB5F9D9BBCB7}
	EndProjectSection
EndProject
Project("{9A19103F-16F7-4668-BE54-9A1E7A4F7556}") = "MASLOW.Entities", "MASLOW.Entities\MASLOW.Entities.csproj", "{EF0601AC-9F04-467A-B46B-58009A776F4E}"
EndProject
Project("{9A19103F-16F7-4668-BE54-9A1E7A4F7556}") = "MASLOW.TheKeys", "MASLOW.TheKeys\MASLOW.TheKeys.csproj", "{61B93D37-C622-4707-9AB4-EB5F9D9BBCB7}"
EndProject
Project("{FAE04EC0-301F-11D3-BF4B-00C04F79EFBC}") = "MASLOW.Arduino", "MASLOW.Android\MASLOW.Arduino.csproj", "{93078A8F-DDF4-4091-A7BA-18D29EFA64D4}"
EndProject
Project("{FAE04EC0-301F-11D3-BF4B-00C04F79EFBC}") = "MASLOW.Tuya", "MASLOW.Tuya\MASLOW.Tuya.csproj", "{578581DD-B6A7-465D-A9F4-E0EFE5EA04E5}"
EndProject
Global
	GlobalSection(SolutionConfigurationPlatforms) = preSolution
		Debug|Any CPU = Debug|Any CPU
		Release|Any CPU = Release|Any CPU
	EndGlobalSection
	GlobalSection(ProjectConfigurationPlatforms) = postSolution
		{51E326AD-347E-4FDC-B7A4-7EDE85A0DA67}.Debug|Any CPU.ActiveCfg = Debug|Any CPU
		{51E326AD-347E-4FDC-B7A4-7EDE85A0DA67}.Debug|Any CPU.Build.0 = Debug|Any CPU
		{51E326AD-347E-4FDC-B7A4-7EDE85A0DA67}.Release|Any CPU.ActiveCfg = Release|Any CPU
		{51E326AD-347E-4FDC-B7A4-7EDE85A0DA67}.Release|Any CPU.Build.0 = Release|Any CPU
		{EF0601AC-9F04-467A-B46B-58009A776F4E}.Debug|Any CPU.ActiveCfg = Debug|Any CPU
		{EF0601AC-9F04-467A-B46B-58009A776F4E}.Debug|Any CPU.Build.0 = Debug|Any CPU
		{EF0601AC-9F04-467A-B46B-58009A776F4E}.Release|Any CPU.ActiveCfg = Release|Any CPU
		{EF0601AC-9F04-467A-B46B-58009A776F4E}.Release|Any CPU.Build.0 = Release|Any CPU
		{61B93D37-C622-4707-9AB4-EB5F9D9BBCB7}.Debug|Any CPU.ActiveCfg = Debug|Any CPU
		{61B93D37-C622-4707-9AB4-EB5F9D9BBCB7}.Debug|Any CPU.Build.0 = Debug|Any CPU
		{61B93D37-C622-4707-9AB4-EB5F9D9BBCB7}.Release|Any CPU.ActiveCfg = Release|Any CPU
		{61B93D37-C622-4707-9AB4-EB5F9D9BBCB7}.Release|Any CPU.Build.0 = Release|Any CPU
		{93078A8F-DDF4-4091-A7BA-18D29EFA64D4}.Debug|Any CPU.ActiveCfg = Debug|Any CPU
		{93078A8F-DDF4-4091-A7BA-18D29EFA64D4}.Debug|Any CPU.Build.0 = Debug|Any CPU
		{93078A8F-DDF4-4091-A7BA-18D29EFA64D4}.Release|Any CPU.ActiveCfg = Release|Any CPU
		{93078A8F-DDF4-4091-A7BA-18D29EFA64D4}.Release|Any CPU.Build.0 = Release|Any CPU
		{578581DD-B6A7-465D-A9F4-E0EFE5EA04E5}.Debug|Any CPU.ActiveCfg = Debug|Any CPU
		{578581DD-B6A7-465D-A9F4-E0EFE5EA04E5}.Debug|Any CPU.Build.0 = Debug|Any CPU
		{578581DD-B6A7-465D-A9F4-E0EFE5EA04E5}.Release|Any CPU.ActiveCfg = Release|Any CPU
		{578581DD-B6A7-465D-A9F4-E0EFE5EA04E5}.Release|Any CPU.Build.0 = Release|Any CPU
	EndGlobalSection
	GlobalSection(SolutionProperties) = preSolution
		HideSolutionNode = FALSE
	EndGlobalSection
	GlobalSection(ExtensibilityGlobals) = postSolution
		SolutionGuid = {28F1A4E9-62DB-46AA-98AF-EE9391BC3AC2}
	EndGlobalSection
EndGlobal
